
Microsoft Visual Studio Solution File, Format Version 12.00
# Visual Studio Version 16
VisualStudioVersion = 16.0.32630.194
MinimumVisualStudioVersion = 10.0.40219.1
Project("{FAE04EC0-301F-11D3-BF4B-00C04F79EFBC}") = "MVC", "MVC\MVC.csproj", "{93120282-1DD6-45B3-9CA5-40F8E028AA01}"
EndProject
Global
	GlobalSection(SolutionConfigurationPlatforms) = preSolution
		Debug|Any CPU = Debug|Any CPU
		Release|Any CPU = Release|Any CPU
	EndGlobalSection
	GlobalSection(ProjectConfigurationPlatforms) = postSolution
		{93120282-1DD6-45B3-9CA5-40F8E028AA01}.Debug|Any CPU.ActiveCfg = Debug|Any CPU
		{93120282-1DD6-45B3-9CA5-40F8E028AA01}.Debug|Any CPU.Build.0 = Debug|Any CPU
		{93120282-1DD6-45B3-9CA5-40F8E028AA01}.Release|Any CPU.ActiveCfg = Release|Any CPU
		{93120282-1DD6-45B3-9CA5-40F8E028AA01}.Release|Any CPU.Build.0 = Release|Any CPU
	EndGlobalSection
	GlobalSection(SolutionProperties) = preSolution
		HideSolutionNode = FALSE
	EndGlobalSection
	GlobalSection(ExtensibilityGlobals) = postSolution
		SolutionGuid = {1FD6F399-7DA0-4776-A319-570FE78EA982}
	EndGlobalSection
EndGlobal
