
Microsoft Visual Studio Solution File, Format Version 12.00
# Visual Studio Version 16
VisualStudioVersion = 16.0.32630.194
MinimumVisualStudioVersion = 10.0.40219.1
Project("{FAE04EC0-301F-11D3-BF4B-00C04F79EFBC}") = "CampBooking", "CampBooking\CampBooking.csproj", "{E73D64F0-7BD4-446A-951F-4A82D78084E5}"
EndProject
Project("{FAE04EC0-301F-11D3-BF4B-00C04F79EFBC}") = "FileUpload", "FileUpload\FileUpload.csproj", "{07C2540D-6035-4106-B38D-B36B6B22EEB9}"
EndProject
Global
	GlobalSection(SolutionConfigurationPlatforms) = preSolution
		Debug|Any CPU = Debug|Any CPU
		Release|Any CPU = Release|Any CPU
	EndGlobalSection
	GlobalSection(ProjectConfigurationPlatforms) = postSolution
		{E73D64F0-7BD4-446A-951F-4A82D78084E5}.Debug|Any CPU.ActiveCfg = Debug|Any CPU
		{E73D64F0-7BD4-446A-951F-4A82D78084E5}.Debug|Any CPU.Build.0 = Debug|Any CPU
		{E73D64F0-7BD4-446A-951F-4A82D78084E5}.Release|Any CPU.ActiveCfg = Release|Any CPU
		{E73D64F0-7BD4-446A-951F-4A82D78084E5}.Release|Any CPU.Build.0 = Release|Any CPU
		{07C2540D-6035-4106-B38D-B36B6B22EEB9}.Debug|Any CPU.ActiveCfg = Debug|Any CPU
		{07C2540D-6035-4106-B38D-B36B6B22EEB9}.Debug|Any CPU.Build.0 = Debug|Any CPU
		{07C2540D-6035-4106-B38D-B36B6B22EEB9}.Release|Any CPU.ActiveCfg = Release|Any CPU
		{07C2540D-6035-4106-B38D-B36B6B22EEB9}.Release|Any CPU.Build.0 = Release|Any CPU
	EndGlobalSection
	GlobalSection(SolutionProperties) = preSolution
		HideSolutionNode = FALSE
	EndGlobalSection
	GlobalSection(ExtensibilityGlobals) = postSolution
		SolutionGuid = {6525E56C-D175-4D93-BB99-C919DFE51B21}
	EndGlobalSection
EndGlobal
